// !$*UTF8*$!
{
	archiveVersion = 1;
	classes = {
	};
	objectVersion = 56;
	objects = {

/* Begin PBXBuildFile section */
		A606BA662B79DC150017FF35 /* AppDelegate.swift in Sources */ = {isa = PBXBuildFile; fileRef = A606BA652B79DC150017FF35 /* AppDelegate.swift */; };
		A606BA682B79DC150017FF35 /* SceneDelegate.swift in Sources */ = {isa = PBXBuildFile; fileRef = A606BA672B79DC150017FF35 /* SceneDelegate.swift */; };
		A606BA6A2B79DC150017FF35 /* ViewController.swift in Sources */ = {isa = PBXBuildFile; fileRef = A606BA692B79DC150017FF35 /* ViewController.swift */; };
		A606BA6D2B79DC150017FF35 /* Main.storyboard in Resources */ = {isa = PBXBuildFile; fileRef = A606BA6B2B79DC150017FF35 /* Main.storyboard */; };
		A606BA6F2B79DC160017FF35 /* Assets.xcassets in Resources */ = {isa = PBXBuildFile; fileRef = A606BA6E2B79DC160017FF35 /* Assets.xcassets */; };
		A606BA722B79DC160017FF35 /* LaunchScreen.storyboard in Resources */ = {isa = PBXBuildFile; fileRef = A606BA702B79DC160017FF35 /* LaunchScreen.storyboard */; };
		A606BA7D2B79DC160017FF35 /* GitRepTests.swift in Sources */ = {isa = PBXBuildFile; fileRef = A606BA7C2B79DC160017FF35 /* GitRepTests.swift */; };
		A606BA872B79DC160017FF35 /* GitRepUITests.swift in Sources */ = {isa = PBXBuildFile; fileRef = A606BA862B79DC160017FF35 /* GitRepUITests.swift */; };
		A606BA892B79DC160017FF35 /* GitRepUITestsLaunchTests.swift in Sources */ = {isa = PBXBuildFile; fileRef = A606BA882B79DC160017FF35 /* GitRepUITestsLaunchTests.swift */; };
/* End PBXBuildFile section */

/* Begin PBXContainerItemProxy section */
		A606BA792B79DC160017FF35 /* PBXContainerItemProxy */ = {
			isa = PBXContainerItemProxy;
			containerPortal = A606BA5A2B79DC150017FF35 /* Project object */;
			proxyType = 1;
			remoteGlobalIDString = A606BA612B79DC150017FF35;
			remoteInfo = GitRep;
		};
		A606BA832B79DC160017FF35 /* PBXContainerItemProxy */ = {
			isa = PBXContainerItemProxy;
			containerPortal = A606BA5A2B79DC150017FF35 /* Project object */;
			proxyType = 1;
			remoteGlobalIDString = A606BA612B79DC150017FF35;
			remoteInfo = GitRep;
		};
/* End PBXContainerItemProxy section */

/* Begin PBXFileReference section */
		A606BA622B79DC150017FF35 /* GitRep.app */ = {isa = PBXFileReference; explicitFileType = wrapper.application; includeInIndex = 0; path = GitRep.app; sourceTree = BUILT_PRODUCTS_DIR; };
		A606BA652B79DC150017FF35 /* AppDelegate.swift */ = {isa = PBXFileReference; lastKnownFileType = sourcecode.swift; path = AppDelegate.swift; sourceTree = "<group>"; };
		A606BA672B79DC150017FF35 /* SceneDelegate.swift */ = {isa = PBXFileReference; lastKnownFileType = sourcecode.swift; path = SceneDelegate.swift; sourceTree = "<group>"; };
		A606BA692B79DC150017FF35 /* ViewController.swift */ = {isa = PBXFileReference; lastKnownFileType = sourcecode.swift; path = ViewController.swift; sourceTree = "<group>"; };
		A606BA6C2B79DC150017FF35 /* Base */ = {isa = PBXFileReference; lastKnownFileType = file.storyboard; name = Base; path = Base.lproj/Main.storyboard; sourceTree = "<group>"; };
		A606BA6E2B79DC160017FF35 /* Assets.xcassets */ = {isa = PBXFileReference; lastKnownFileType = folder.assetcatalog; path = Assets.xcassets; sourceTree = "<group>"; };
		A606BA712B79DC160017FF35 /* Base */ = {isa = PBXFileReference; lastKnownFileType = file.storyboard; name = Base; path = Base.lproj/LaunchScreen.storyboard; sourceTree = "<group>"; };
		A606BA732B79DC160017FF35 /* Info.plist */ = {isa = PBXFileReference; lastKnownFileType = text.plist.xml; path = Info.plist; sourceTree = "<group>"; };
		A606BA782B79DC160017FF35 /* GitRepTests.xctest */ = {isa = PBXFileReference; explicitFileType = wrapper.cfbundle; includeInIndex = 0; path = GitRepTests.xctest; sourceTree = BUILT_PRODUCTS_DIR; };
		A606BA7C2B79DC160017FF35 /* GitRepTests.swift */ = {isa = PBXFileReference; lastKnownFileType = sourcecode.swift; path = GitRepTests.swift; sourceTree = "<group>"; };
		A606BA822B79DC160017FF35 /* GitRepUITests.xctest */ = {isa = PBXFileReference; explicitFileType = wrapper.cfbundle; includeInIndex = 0; path = GitRepUITests.xctest; sourceTree = BUILT_PRODUCTS_DIR; };
		A606BA862B79DC160017FF35 /* GitRepUITests.swift */ = {isa = PBXFileReference; lastKnownFileType = sourcecode.swift; path = GitRepUITests.swift; sourceTree = "<group>"; };
		A606BA882B79DC160017FF35 /* GitRepUITestsLaunchTests.swift */ = {isa = PBXFileReference; lastKnownFileType = sourcecode.swift; path = GitRepUITestsLaunchTests.swift; sourceTree = "<group>"; };
/* End PBXFileReference section */

/* Begin PBXFrameworksBuildPhase section */
		A606BA5F2B79DC150017FF35 /* Frameworks */ = {
			isa = PBXFrameworksBuildPhase;
			buildActionMask = 2147483647;
			files = (
			);
			runOnlyForDeploymentPostprocessing = 0;
		};
		A606BA752B79DC160017FF35 /* Frameworks */ = {
			isa = PBXFrameworksBuildPhase;
			buildActionMask = 2147483647;
			files = (
			);
			runOnlyForDeploymentPostprocessing = 0;
		};
		A606BA7F2B79DC160017FF35 /* Frameworks */ = {
			isa = PBXFrameworksBuildPhase;
			buildActionMask = 2147483647;
			files = (
			);
			runOnlyForDeploymentPostprocessing = 0;
		};
/* End PBXFrameworksBuildPhase section */

/* Begin PBXGroup section */
		A606BA592B79DC150017FF35 = {
			isa = PBXGroup;
			children = (
				A606BA642B79DC150017FF35 /* GitRep */,
				A606BA7B2B79DC160017FF35 /* GitRepTests */,
				A606BA852B79DC160017FF35 /* GitRepUITests */,
				A606BA632B79DC150017FF35 /* Products */,
			);
			sourceTree = "<group>";
		};
		A606BA632B79DC150017FF35 /* Products */ = {
			isa = PBXGroup;
			children = (
				A606BA622B79DC150017FF35 /* GitRep.app */,
				A606BA782B79DC160017FF35 /* GitRepTests.xctest */,
				A606BA822B79DC160017FF35 /* GitRepUITests.xctest */,
			);
			name = Products;
			sourceTree = "<group>";
		};
		A606BA642B79DC150017FF35 /* GitRep */ = {
			isa = PBXGroup;
			children = (
				A606BA652B79DC150017FF35 /* AppDelegate.swift */,
				A606BA672B79DC150017FF35 /* SceneDelegate.swift */,
				A606BA692B79DC150017FF35 /* ViewController.swift */,
				A606BA6B2B79DC150017FF35 /* Main.storyboard */,
				A606BA6E2B79DC160017FF35 /* Assets.xcassets */,
				A606BA702B79DC160017FF35 /* LaunchScreen.storyboard */,
				A606BA732B79DC160017FF35 /* Info.plist */,
			);
			path = GitRep;
			sourceTree = "<group>";
		};
		A606BA7B2B79DC160017FF35 /* GitRepTests */ = {
			isa = PBXGroup;
			children = (
				A606BA7C2B79DC160017FF35 /* GitRepTests.swift */,
			);
			path = GitRepTests;
			sourceTree = "<group>";
		};
		A606BA852B79DC160017FF35 /* GitRepUITests */ = {
			isa = PBXGroup;
			children = (
				A606BA862B79DC160017FF35 /* GitRepUITests.swift */,
				A606BA882B79DC160017FF35 /* GitRepUITestsLaunchTests.swift */,
			);
			path = GitRepUITests;
			sourceTree = "<group>";
		};
/* End PBXGroup section */

/* Begin PBXNativeTarget section */
		A606BA612B79DC150017FF35 /* GitRep */ = {
			isa = PBXNativeTarget;
			buildConfigurationList = A606BA8C2B79DC160017FF35 /* Build configuration list for PBXNativeTarget "GitRep" */;
			buildPhases = (
				A606BA5E2B79DC150017FF35 /* Sources */,
				A606BA5F2B79DC150017FF35 /* Frameworks */,
				A606BA602B79DC150017FF35 /* Resources */,
			);
			buildRules = (
			);
			dependencies = (
			);
			name = GitRep;
			productName = GitRep;
			productReference = A606BA622B79DC150017FF35 /* GitRep.app */;
			productType = "com.apple.product-type.application";
		};
		A606BA772B79DC160017FF35 /* GitRepTests */ = {
			isa = PBXNativeTarget;
			buildConfigurationList = A606BA8F2B79DC160017FF35 /* Build configuration list for PBXNativeTarget "GitRepTests" */;
			buildPhases = (
				A606BA742B79DC160017FF35 /* Sources */,
				A606BA752B79DC160017FF35 /* Frameworks */,
				A606BA762B79DC160017FF35 /* Resources */,
			);
			buildRules = (
			);
			dependencies = (
				A606BA7A2B79DC160017FF35 /* PBXTargetDependency */,
			);
			name = GitRepTests;
			productName = GitRepTests;
			productReference = A606BA782B79DC160017FF35 /* GitRepTests.xctest */;
			productType = "com.apple.product-type.bundle.unit-test";
		};
		A606BA812B79DC160017FF35 /* GitRepUITests */ = {
			isa = PBXNativeTarget;
			buildConfigurationList = A606BA922B79DC160017FF35 /* Build configuration list for PBXNativeTarget "GitRepUITests" */;
			buildPhases = (
				A606BA7E2B79DC160017FF35 /* Sources */,
				A606BA7F2B79DC160017FF35 /* Frameworks */,
				A606BA802B79DC160017FF35 /* Resources */,
			);
			buildRules = (
			);
			dependencies = (
				A606BA842B79DC160017FF35 /* PBXTargetDependency */,
			);
			name = GitRepUITests;
			productName = GitRepUITests;
			productReference = A606BA822B79DC160017FF35 /* GitRepUITests.xctest */;
			productType = "com.apple.product-type.bundle.ui-testing";
		};
/* End PBXNativeTarget section */

/* Begin PBXProject section */
		A606BA5A2B79DC150017FF35 /* Project object */ = {
			isa = PBXProject;
			attributes = {
				BuildIndependentTargetsInParallel = 1;
				LastSwiftUpdateCheck = 1500;
				LastUpgradeCheck = 1500;
				TargetAttributes = {
					A606BA612B79DC150017FF35 = {
						CreatedOnToolsVersion = 15.0.1;
					};
					A606BA772B79DC160017FF35 = {
						CreatedOnToolsVersion = 15.0.1;
						TestTargetID = A606BA612B79DC150017FF35;
					};
					A606BA812B79DC160017FF35 = {
						CreatedOnToolsVersion = 15.0.1;
						TestTargetID = A606BA612B79DC150017FF35;
					};
				};
			};
			buildConfigurationList = A606BA5D2B79DC150017FF35 /* Build configuration list for PBXProject "GitRep" */;
			compatibilityVersion = "Xcode 14.0";
			developmentRegion = en;
			hasScannedForEncodings = 0;
			knownRegions = (
				en,
				Base,
			);
			mainGroup = A606BA592B79DC150017FF35;
			productRefGroup = A606BA632B79DC150017FF35 /* Products */;
			projectDirPath = "";
			projectRoot = "";
			targets = (
				A606BA612B79DC150017FF35 /* GitRep */,
				A606BA772B79DC160017FF35 /* GitRepTests */,
				A606BA812B79DC160017FF35 /* GitRepUITests */,
			);
		};
/* End PBXProject section */

/* Begin PBXResourcesBuildPhase section */
		A606BA602B79DC150017FF35 /* Resources */ = {
			isa = PBXResourcesBuildPhase;
			buildActionMask = 2147483647;
			files = (
				A606BA722B79DC160017FF35 /* LaunchScreen.storyboard in Resources */,
				A606BA6F2B79DC160017FF35 /* Assets.xcassets in Resources */,
				A606BA6D2B79DC150017FF35 /* Main.storyboard in Resources */,
			);
			runOnlyForDeploymentPostprocessing = 0;
		};
		A606BA762B79DC160017FF35 /* Resources */ = {
			isa = PBXResourcesBuildPhase;
			buildActionMask = 2147483647;
			files = (
			);
			runOnlyForDeploymentPostprocessing = 0;
		};
		A606BA802B79DC160017FF35 /* Resources */ = {
			isa = PBXResourcesBuildPhase;
			buildActionMask = 2147483647;
			files = (
			);
			runOnlyForDeploymentPostprocessing = 0;
		};
/* End PBXResourcesBuildPhase section */

/* Begin PBXSourcesBuildPhase section */
		A606BA5E2B79DC150017FF35 /* Sources */ = {
			isa = PBXSourcesBuildPhase;
			buildActionMask = 2147483647;
			files = (
				A606BA6A2B79DC150017FF35 /* ViewController.swift in Sources */,
				A606BA662B79DC150017FF35 /* AppDelegate.swift in Sources */,
				A606BA682B79DC150017FF35 /* SceneDelegate.swift in Sources */,
			);
			runOnlyForDeploymentPostprocessing = 0;
		};
		A606BA742B79DC160017FF35 /* Sources */ = {
			isa = PBXSourcesBuildPhase;
			buildActionMask = 2147483647;
			files = (
				A606BA7D2B79DC160017FF35 /* GitRepTests.swift in Sources */,
			);
			runOnlyForDeploymentPostprocessing = 0;
		};
		A606BA7E2B79DC160017FF35 /* Sources */ = {
			isa = PBXSourcesBuildPhase;
			buildActionMask = 2147483647;
			files = (
				A606BA872B79DC160017FF35 /* GitRepUITests.swift in Sources */,
				A606BA892B79DC160017FF35 /* GitRepUITestsLaunchTests.swift in Sources */,
			);
			runOnlyForDeploymentPostprocessing = 0;
		};
/* End PBXSourcesBuildPhase section */

/* Begin PBXTargetDependency section */
		A606BA7A2B79DC160017FF35 /* PBXTargetDependency */ = {
			isa = PBXTargetDependency;
			target = A606BA612B79DC150017FF35 /* GitRep */;
			targetProxy = A606BA792B79DC160017FF35 /* PBXContainerItemProxy */;
		};
		A606BA842B79DC160017FF35 /* PBXTargetDependency */ = {
			isa = PBXTargetDependency;
			target = A606BA612B79DC150017FF35 /* GitRep */;
			targetProxy = A606BA832B79DC160017FF35 /* PBXContainerItemProxy */;
		};
/* End PBXTargetDependency section */

/* Begin PBXVariantGroup section */
		A606BA6B2B79DC150017FF35 /* Main.storyboard */ = {
			isa = PBXVariantGroup;
			children = (
				A606BA6C2B79DC150017FF35 /* Base */,
			);
			name = Main.storyboard;
			sourceTree = "<group>";
		};
		A606BA702B79DC160017FF35 /* LaunchScreen.storyboard */ = {
			isa = PBXVariantGroup;
			children = (
				A606BA712B79DC160017FF35 /* Base */,
			);
			name = LaunchScreen.storyboard;
			sourceTree = "<group>";
		};
/* End PBXVariantGroup section */

/* Begin XCBuildConfiguration section */
		A606BA8A2B79DC160017FF35 /* Debug */ = {
			isa = XCBuildConfiguration;
			buildSettings = {
				ALWAYS_SEARCH_USER_PATHS = NO;
				ASSETCATALOG_COMPILER_GENERATE_SWIFT_ASSET_SYMBOL_EXTENSIONS = YES;
				CLANG_ANALYZER_NONNULL = YES;
				CLANG_ANALYZER_NUMBER_OBJECT_CONVERSION = YES_AGGRESSIVE;
				CLANG_CXX_LANGUAGE_STANDARD = "gnu++20";
				CLANG_ENABLE_MODULES = YES;
				CLANG_ENABLE_OBJC_ARC = YES;
				CLANG_ENABLE_OBJC_WEAK = YES;
				CLANG_WARN_BLOCK_CAPTURE_AUTORELEASING = YES;
				CLANG_WARN_BOOL_CONVERSION = YES;
				CLANG_WARN_COMMA = YES;
				CLANG_WARN_CONSTANT_CONVERSION = YES;
				CLANG_WARN_DEPRECATED_OBJC_IMPLEMENTATIONS = YES;
				CLANG_WARN_DIRECT_OBJC_ISA_USAGE = YES_ERROR;
				CLANG_WARN_DOCUMENTATION_COMMENTS = YES;
				CLANG_WARN_EMPTY_BODY = YES;
				CLANG_WARN_ENUM_CONVERSION = YES;
				CLANG_WARN_INFINITE_RECURSION = YES;
				CLANG_WARN_INT_CONVERSION = YES;
				CLANG_WARN_NON_LITERAL_NULL_CONVERSION = YES;
				CLANG_WARN_OBJC_IMPLICIT_RETAIN_SELF = YES;
				CLANG_WARN_OBJC_LITERAL_CONVERSION = YES;
				CLANG_WARN_OBJC_ROOT_CLASS = YES_ERROR;
				CLANG_WARN_QUOTED_INCLUDE_IN_FRAMEWORK_HEADER = YES;
				CLANG_WARN_RANGE_LOOP_ANALYSIS = YES;
				CLANG_WARN_STRICT_PROTOTYPES = YES;
				CLANG_WARN_SUSPICIOUS_MOVE = YES;
				CLANG_WARN_UNGUARDED_AVAILABILITY = YES_AGGRESSIVE;
				CLANG_WARN_UNREACHABLE_CODE = YES;
				CLANG_WARN__DUPLICATE_METHOD_MATCH = YES;
				COPY_PHASE_STRIP = NO;
				DEBUG_INFORMATION_FORMAT = dwarf;
				ENABLE_STRICT_OBJC_MSGSEND = YES;
				ENABLE_TESTABILITY = YES;
				ENABLE_USER_SCRIPT_SANDBOXING = YES;
				GCC_C_LANGUAGE_STANDARD = gnu17;
				GCC_DYNAMIC_NO_PIC = NO;
				GCC_NO_COMMON_BLOCKS = YES;
				GCC_OPTIMIZATION_LEVEL = 0;
				GCC_PREPROCESSOR_DEFINITIONS = (
					"DEBUG=1",
					"$(inherited)",
				);
				GCC_WARN_64_TO_32_BIT_CONVERSION = YES;
				GCC_WARN_ABOUT_RETURN_TYPE = YES_ERROR;
				GCC_WARN_UNDECLARED_SELECTOR = YES;
				GCC_WARN_UNINITIALIZED_AUTOS = YES_AGGRESSIVE;
				GCC_WARN_UNUSED_FUNCTION = YES;
				GCC_WARN_UNUSED_VARIABLE = YES;
				IPHONEOS_DEPLOYMENT_TARGET = 17.0;
				LOCALIZATION_PREFERS_STRING_CATALOGS = YES;
				MTL_ENABLE_DEBUG_INFO = INCLUDE_SOURCE;
				MTL_FAST_MATH = YES;
				ONLY_ACTIVE_ARCH = YES;
				SDKROOT = iphoneos;
				SWIFT_ACTIVE_COMPILATION_CONDITIONS = "DEBUG $(inherited)";
				SWIFT_OPTIMIZATION_LEVEL = "-Onone";
			};
			name = Debug;
		};
		A606BA8B2B79DC160017FF35 /* Release */ = {
			isa = XCBuildConfiguration;
			buildSettings = {
				ALWAYS_SEARCH_USER_PATHS = NO;
				ASSETCATALOG_COMPILER_GENERATE_SWIFT_ASSET_SYMBOL_EXTENSIONS = YES;
				CLANG_ANALYZER_NONNULL = YES;
				CLANG_ANALYZER_NUMBER_OBJECT_CONVERSION = YES_AGGRESSIVE;
				CLANG_CXX_LANGUAGE_STANDARD = "gnu++20";
				CLANG_ENABLE_MODULES = YES;
				CLANG_ENABLE_OBJC_ARC = YES;
				CLANG_ENABLE_OBJC_WEAK = YES;
				CLANG_WARN_BLOCK_CAPTURE_AUTORELEASING = YES;
				CLANG_WARN_BOOL_CONVERSION = YES;
				CLANG_WARN_COMMA = YES;
				CLANG_WARN_CONSTANT_CONVERSION = YES;
				CLANG_WARN_DEPRECATED_OBJC_IMPLEMENTATIONS = YES;
				CLANG_WARN_DIRECT_OBJC_ISA_USAGE = YES_ERROR;
				CLANG_WARN_DOCUMENTATION_COMMENTS = YES;
				CLANG_WARN_EMPTY_BODY = YES;
				CLANG_WARN_ENUM_CONVERSION = YES;
				CLANG_WARN_INFINITE_RECURSION = YES;
				CLANG_WARN_INT_CONVERSION = YES;
				CLANG_WARN_NON_LITERAL_NULL_CONVERSION = YES;
				CLANG_WARN_OBJC_IMPLICIT_RETAIN_SELF = YES;
				CLANG_WARN_OBJC_LITERAL_CONVERSION = YES;
				CLANG_WARN_OBJC_ROOT_CLASS = YES_ERROR;
				CLANG_WARN_QUOTED_INCLUDE_IN_FRAMEWORK_HEADER = YES;
				CLANG_WARN_RANGE_LOOP_ANALYSIS = YES;
				CLANG_WARN_STRICT_PROTOTYPES = YES;
				CLANG_WARN_SUSPICIOUS_MOVE = YES;
				CLANG_WARN_UNGUARDED_AVAILABILITY = YES_AGGRESSIVE;
				CLANG_WARN_UNREACHABLE_CODE = YES;
				CLANG_WARN__DUPLICATE_METHOD_MATCH = YES;
				COPY_PHASE_STRIP = NO;
				DEBUG_INFORMATION_FORMAT = "dwarf-with-dsym";
				ENABLE_NS_ASSERTIONS = NO;
				ENABLE_STRICT_OBJC_MSGSEND = YES;
				ENABLE_USER_SCRIPT_SANDBOXING = YES;
				GCC_C_LANGUAGE_STANDARD = gnu17;
				GCC_NO_COMMON_BLOCKS = YES;
				GCC_WARN_64_TO_32_BIT_CONVERSION = YES;
				GCC_WARN_ABOUT_RETURN_TYPE = YES_ERROR;
				GCC_WARN_UNDECLARED_SELECTOR = YES;
				GCC_WARN_UNINITIALIZED_AUTOS = YES_AGGRESSIVE;
				GCC_WARN_UNUSED_FUNCTION = YES;
				GCC_WARN_UNUSED_VARIABLE = YES;
				IPHONEOS_DEPLOYMENT_TARGET = 17.0;
				LOCALIZATION_PREFERS_STRING_CATALOGS = YES;
				MTL_ENABLE_DEBUG_INFO = NO;
				MTL_FAST_MATH = YES;
				SDKROOT = iphoneos;
				SWIFT_COMPILATION_MODE = wholemodule;
				VALIDATE_PRODUCT = YES;
			};
			name = Release;
		};
		A606BA8D2B79DC160017FF35 /* Debug */ = {
			isa = XCBuildConfiguration;
			buildSettings = {
				ASSETCATALOG_COMPILER_APPICON_NAME = AppIcon;
				ASSETCATALOG_COMPILER_GLOBAL_ACCENT_COLOR_NAME = AccentColor;
				CODE_SIGN_STYLE = Automatic;
				CURRENT_PROJECT_VERSION = 1;
				GENERATE_INFOPLIST_FILE = YES;
				INFOPLIST_FILE = GitRep/Info.plist;
				INFOPLIST_KEY_UIApplicationSupportsIndirectInputEvents = YES;
				INFOPLIST_KEY_UILaunchStoryboardName = LaunchScreen;
				INFOPLIST_KEY_UIMainStoryboardFile = Main;
				INFOPLIST_KEY_UISupportedInterfaceOrientations_iPad = "UIInterfaceOrientationPortrait UIInterfaceOrientationPortraitUpsideDown UIInterfaceOrientationLandscapeLeft UIInterfaceOrientationLandscapeRight";
				INFOPLIST_KEY_UISupportedInterfaceOrientations_iPhone = "UIInterfaceOrientationPortrait UIInterfaceOrientationLandscapeLeft UIInterfaceOrientationLandscapeRight";
				IPHONEOS_DEPLOYMENT_TARGET = 14.0;
				LD_RUNPATH_SEARCH_PATHS = (
					"$(inherited)",
					"@executable_path/Frameworks",
				);
				MARKETING_VERSION = 1.0;
				PRODUCT_BUNDLE_IDENTIFIER = com.Kekwaker.GitRep;
				PRODUCT_NAME = "$(TARGET_NAME)";
				SWIFT_EMIT_LOC_STRINGS = YES;
				SWIFT_VERSION = 5.0;
				TARGETED_DEVICE_FAMILY = "1,2";
			};
			name = Debug;
		};
		A606BA8E2B79DC160017FF35 /* Release */ = {
			isa = XCBuildConfiguration;
			buildSettings = {
				ASSETCATALOG_COMPILER_APPICON_NAME = AppIcon;
				ASSETCATALOG_COMPILER_GLOBAL_ACCENT_COLOR_NAME = AccentColor;
				CODE_SIGN_STYLE = Automatic;
				CURRENT_PROJECT_VERSION = 1;
				GENERATE_INFOPLIST_FILE = YES;
				INFOPLIST_FILE = GitRep/Info.plist;
				INFOPLIST_KEY_UIApplicationSupportsIndirectInputEvents = YES;
				INFOPLIST_KEY_UILaunchStoryboardName = LaunchScreen;
				INFOPLIST_KEY_UIMainStoryboardFile = Main;
				INFOPLIST_KEY_UISupportedInterfaceOrientations_iPad = "UIInterfaceOrientationPortrait UIInterfaceOrientationPortraitUpsideDown UIInterfaceOrientationLandscapeLeft UIInterfaceOrientationLandscapeRight";
				INFOPLIST_KEY_UISupportedInterfaceOrientations_iPhone = "UIInterfaceOrientationPortrait UIInterfaceOrientationLandscapeLeft UIInterfaceOrientationLandscapeRight";
				IPHONEOS_DEPLOYMENT_TARGET = 14.0;
				LD_RUNPATH_SEARCH_PATHS = (
					"$(inherited)",
					"@executable_path/Frameworks",
				);
				MARKETING_VERSION = 1.0;
				PRODUCT_BUNDLE_IDENTIFIER = com.Kekwaker.GitRep;
				PRODUCT_NAME = "$(TARGET_NAME)";
				SWIFT_EMIT_LOC_STRINGS = YES;
				SWIFT_VERSION = 5.0;
				TARGETED_DEVICE_FAMILY = "1,2";
			};
			name = Release;
		};
		A606BA902B79DC160017FF35 /* Debug */ = {
			isa = XCBuildConfiguration;
			buildSettings = {
				ALWAYS_EMBED_SWIFT_STANDARD_LIBRARIES = YES;
				BUNDLE_LOADER = "$(TEST_HOST)";
				CODE_SIGN_STYLE = Automatic;
				CURRENT_PROJECT_VERSION = 1;
				GENERATE_INFOPLIST_FILE = YES;
				IPHONEOS_DEPLOYMENT_TARGET = 17.0;
				MARKETING_VERSION = 1.0;
				PRODUCT_BUNDLE_IDENTIFIER = com.Kekwaker.GitRepTests;
				PRODUCT_NAME = "$(TARGET_NAME)";
				SWIFT_EMIT_LOC_STRINGS = NO;
				SWIFT_VERSION = 5.0;
				TARGETED_DEVICE_FAMILY = "1,2";
				TEST_HOST = "$(BUILT_PRODUCTS_DIR)/GitRep.app/$(BUNDLE_EXECUTABLE_FOLDER_PATH)/GitRep";
			};
			name = Debug;
		};
		A606BA912B79DC160017FF35 /* Release */ = {
			isa = XCBuildConfiguration;
			buildSettings = {
				ALWAYS_EMBED_SWIFT_STANDARD_LIBRARIES = YES;
				BUNDLE_LOADER = "$(TEST_HOST)";
				CODE_SIGN_STYLE = Automatic;
				CURRENT_PROJECT_VERSION = 1;
				GENERATE_INFOPLIST_FILE = YES;
				IPHONEOS_DEPLOYMENT_TARGET = 17.0;
				MARKETING_VERSION = 1.0;
				PRODUCT_BUNDLE_IDENTIFIER = com.Kekwaker.GitRepTests;
				PRODUCT_NAME = "$(TARGET_NAME)";
				SWIFT_EMIT_LOC_STRINGS = NO;
				SWIFT_VERSION = 5.0;
				TARGETED_DEVICE_FAMILY = "1,2";
				TEST_HOST = "$(BUILT_PRODUCTS_DIR)/GitRep.app/$(BUNDLE_EXECUTABLE_FOLDER_PATH)/GitRep";
			};
			name = Release;
		};
		A606BA932B79DC160017FF35 /* Debug */ = {
			isa = XCBuildConfiguration;
			buildSettings = {
				ALWAYS_EMBED_SWIFT_STANDARD_LIBRARIES = YES;
				CODE_SIGN_STYLE = Automatic;
				CURRENT_PROJECT_VERSION = 1;
				GENERATE_INFOPLIST_FILE = YES;
				MARKETING_VERSION = 1.0;
				PRODUCT_BUNDLE_IDENTIFIER = com.Kekwaker.GitRepUITests;
				PRODUCT_NAME = "$(TARGET_NAME)";
				SWIFT_EMIT_LOC_STRINGS = NO;
				SWIFT_VERSION = 5.0;
				TARGETED_DEVICE_FAMILY = "1,2";
				TEST_TARGET_NAME = GitRep;
			};
			name = Debug;
		};
		A606BA942B79DC160017FF35 /* Release */ = {
			isa = XCBuildConfiguration;
			buildSettings = {
				ALWAYS_EMBED_SWIFT_STANDARD_LIBRARIES = YES;
				CODE_SIGN_STYLE = Automatic;
				CURRENT_PROJECT_VERSION = 1;
				GENERATE_INFOPLIST_FILE = YES;
				MARKETING_VERSION = 1.0;
				PRODUCT_BUNDLE_IDENTIFIER = com.Kekwaker.GitRepUITests;
				PRODUCT_NAME = "$(TARGET_NAME)";
				SWIFT_EMIT_LOC_STRINGS = NO;
				SWIFT_VERSION = 5.0;
				TARGETED_DEVICE_FAMILY = "1,2";
				TEST_TARGET_NAME = GitRep;
			};
			name = Release;
		};
/* End XCBuildConfiguration section */

/* Begin XCConfigurationList section */
		A606BA5D2B79DC150017FF35 /* Build configuration list for PBXProject "GitRep" */ = {
			isa = XCConfigurationList;
			buildConfigurations = (
				A606BA8A2B79DC160017FF35 /* Debug */,
				A606BA8B2B79DC160017FF35 /* Release */,
			);
			defaultConfigurationIsVisible = 0;
			defaultConfigurationName = Release;
		};
		A606BA8C2B79DC160017FF35 /* Build configuration list for PBXNativeTarget "GitRep" */ = {
			isa = XCConfigurationList;
			buildConfigurations = (
				A606BA8D2B79DC160017FF35 /* Debug */,
				A606BA8E2B79DC160017FF35 /* Release */,
			);
			defaultConfigurationIsVisible = 0;
			defaultConfigurationName = Release;
		};
		A606BA8F2B79DC160017FF35 /* Build configuration list for PBXNativeTarget "GitRepTests" */ = {
			isa = XCConfigurationList;
			buildConfigurations = (
				A606BA902B79DC160017FF35 /* Debug */,
				A606BA912B79DC160017FF35 /* Release */,
			);
			defaultConfigurationIsVisible = 0;
			defaultConfigurationName = Release;
		};
		A606BA922B79DC160017FF35 /* Build configuration list for PBXNativeTarget "GitRepUITests" */ = {
			isa = XCConfigurationList;
			buildConfigurations = (
				A606BA932B79DC160017FF35 /* Debug */,
				A606BA942B79DC160017FF35 /* Release */,
			);
			defaultConfigurationIsVisible = 0;
			defaultConfigurationName = Release;
		};
/* End XCConfigurationList section */
	};
	rootObject = A606BA5A2B79DC150017FF35 /* Project object */;
}
